Microsoft Visual Studio Solution File, Format Version 12.00
# Visual Studio 2012
Project("{FAE04EC0-301F-11D3-BF4B-00C04F79EFBC}") = "To War", "To War.csproj", "{BC474BF9-A385-43F0-A19A-EEA42F509BAA}"
EndProject
Global
	GlobalSection(SolutionConfigurationPlatforms) = preSolution
	Debug|Any CPU = Debug|Any CPU
	ExportDebug|Any CPU = ExportDebug|Any CPU
	ExportRelease|Any CPU = ExportRelease|Any CPU
	EndGlobalSection
	GlobalSection(ProjectConfigurationPlatforms) = postSolution
		{BC474BF9-A385-43F0-A19A-EEA42F509BAA}.Debug|Any CPU.ActiveCfg = Debug|Any CPU
		{BC474BF9-A385-43F0-A19A-EEA42F509BAA}.Debug|Any CPU.Build.0 = Debug|Any CPU
		{BC474BF9-A385-43F0-A19A-EEA42F509BAA}.ExportDebug|Any CPU.ActiveCfg = ExportDebug|Any CPU
		{BC474BF9-A385-43F0-A19A-EEA42F509BAA}.ExportDebug|Any CPU.Build.0 = ExportDebug|Any CPU
		{BC474BF9-A385-43F0-A19A-EEA42F509BAA}.ExportRelease|Any CPU.ActiveCfg = ExportRelease|Any CPU
		{BC474BF9-A385-43F0-A19A-EEA42F509BAA}.ExportRelease|Any CPU.Build.0 = ExportRelease|Any CPU
	EndGlobalSection
EndGlobal
